
Microsoft Visual Studio Solution File, Format Version 12.00
# Visual Studio Version 17
VisualStudioVersion = 17.9.34902.65
MinimumVisualStudioVersion = 10.0.40219.1
Project("{FAE04EC0-301F-11D3-BF4B-00C04F79EFBC}") = "FuriousHeroes", "FuriousHeroes.csproj", "{F438D937-4BFB-47F4-A6C9-056CF48A92C5}"
EndProject
Global
	GlobalSection(SolutionConfigurationPlatforms) = preSolution
		Debug|Any CPU = Debug|Any CPU
		Release|Any CPU = Release|Any CPU
	EndGlobalSection
	GlobalSection(ProjectConfigurationPlatforms) = postSolution
		{F438D937-4BFB-47F4-A6C9-056CF48A92C5}.Debug|Any CPU.ActiveCfg = Debug|Any CPU
		{F438D937-4BFB-47F4-A6C9-056CF48A92C5}.Debug|Any CPU.Build.0 = Debug|Any CPU
		{F438D937-4BFB-47F4-A6C9-056CF48A92C5}.Release|Any CPU.ActiveCfg = Release|Any CPU
		{F438D937-4BFB-47F4-A6C9-056CF48A92C5}.Release|Any CPU.Build.0 = Release|Any CPU
	EndGlobalSection
	GlobalSection(SolutionProperties) = preSolution
		HideSolutionNode = FALSE
	EndGlobalSection
	GlobalSection(ExtensibilityGlobals) = postSolution
		SolutionGuid = {22593C63-22AD-47E8-817D-B7A855BD156A}
	EndGlobalSection
EndGlobal
